
Microsoft Visual Studio Solution File, Format Version 12.00
# Visual Studio Version 16
VisualStudioVersion = 16.0.30717.126
MinimumVisualStudioVersion = 10.0.40219.1
Project("{FAE04EC0-301F-11D3-BF4B-00C04F79EFBC}") = "ClassMetotDemo", "ClassMetotDemo\ClassMetotDemo.csproj", "{7D8D1826-66D2-416E-9BAB-16423BEE3F40}"
EndProject
Global
	GlobalSection(SolutionConfigurationPlatforms) = preSolution
		Debug|Any CPU = Debug|Any CPU
		Release|Any CPU = Release|Any CPU
	EndGlobalSection
	GlobalSection(ProjectConfigurationPlatforms) = postSolution
		{7D8D1826-66D2-416E-9BAB-16423BEE3F40}.Debug|Any CPU.ActiveCfg = Debug|Any CPU
		{7D8D1826-66D2-416E-9BAB-16423BEE3F40}.Debug|Any CPU.Build.0 = Debug|Any CPU
		{7D8D1826-66D2-416E-9BAB-16423BEE3F40}.Release|Any CPU.ActiveCfg = Release|Any CPU
		{7D8D1826-66D2-416E-9BAB-16423BEE3F40}.Release|Any CPU.Build.0 = Release|Any CPU
	EndGlobalSection
	GlobalSection(SolutionProperties) = preSolution
		HideSolutionNode = FALSE
	EndGlobalSection
	GlobalSection(ExtensibilityGlobals) = postSolution
		SolutionGuid = {5E3746F6-7997-4EC3-8A48-DAA2D6B34CB5}
	EndGlobalSection
EndGlobal
